
Microsoft Visual Studio Solution File, Format Version 12.00
# Visual Studio 14
VisualStudioVersion = 14.0.25420.1
MinimumVisualStudioVersion = 10.0.40219.1
Project("{FAE04EC0-301F-11D3-BF4B-00C04F79EFBC}") = "JobServiceAssignment", "JobServiceAssignment\JobServiceAssignment.csproj", "{2E51C48B-0A86-40D3-8EA5-B5BC5E4721DF}"
EndProject
Global
	GlobalSection(SolutionConfigurationPlatforms) = preSolution
		Debug|Any CPU = Debug|Any CPU
		Release|Any CPU = Release|Any CPU
	EndGlobalSection
	GlobalSection(ProjectConfigurationPlatforms) = postSolution
		{2E51C48B-0A86-40D3-8EA5-B5BC5E4721DF}.Debug|Any CPU.ActiveCfg = Debug|Any CPU
		{2E51C48B-0A86-40D3-8EA5-B5BC5E4721DF}.Debug|Any CPU.Build.0 = Debug|Any CPU
		{2E51C48B-0A86-40D3-8EA5-B5BC5E4721DF}.Release|Any CPU.ActiveCfg = Release|Any CPU
		{2E51C48B-0A86-40D3-8EA5-B5BC5E4721DF}.Release|Any CPU.Build.0 = Release|Any CPU
	EndGlobalSection
	GlobalSection(SolutionProperties) = preSolution
		HideSolutionNode = FALSE
	EndGlobalSection
EndGlobal
